
Microsoft Visual Studio Solution File, Format Version 12.00
# Visual Studio Version 17
VisualStudioVersion = 17.5.002.0
MinimumVisualStudioVersion = 10.0.40219.1
Project("{9A19103F-16F7-4668-BE54-9A1E7A4F7556}") = "ES1", "ES1.csproj", "{F81E9CAC-693F-41B7-AFE8-CDAC52FCB7DB}"
EndProject
Global
	GlobalSection(SolutionConfigurationPlatforms) = preSolution
		Debug|Any CPU = Debug|Any CPU
		Release|Any CPU = Release|Any CPU
	EndGlobalSection
	GlobalSection(ProjectConfigurationPlatforms) = postSolution
		{F81E9CAC-693F-41B7-AFE8-CDAC52FCB7DB}.Debug|Any CPU.ActiveCfg = Debug|Any CPU
		{F81E9CAC-693F-41B7-AFE8-CDAC52FCB7DB}.Debug|Any CPU.Build.0 = Debug|Any CPU
		{F81E9CAC-693F-41B7-AFE8-CDAC52FCB7DB}.Release|Any CPU.ActiveCfg = Release|Any CPU
		{F81E9CAC-693F-41B7-AFE8-CDAC52FCB7DB}.Release|Any CPU.Build.0 = Release|Any CPU
	EndGlobalSection
	GlobalSection(SolutionProperties) = preSolution
		HideSolutionNode = FALSE
	EndGlobalSection
	GlobalSection(ExtensibilityGlobals) = postSolution
		SolutionGuid = {45EFF288-745D-4471-84AD-661EA0E36167}
	EndGlobalSection
EndGlobal
